
Microsoft Visual Studio Solution File, Format Version 12.00
# Visual Studio Version 16
VisualStudioVersion = 16.0.31424.327
MinimumVisualStudioVersion = 10.0.40219.1
Project("{9A19103F-16F7-4668-BE54-9A1E7A4F7556}") = "TgBot", "TgBot\TgBot.csproj", "{B57D0D4F-253C-425B-AAD8-25569F12115A}"
EndProject
Global
	GlobalSection(SolutionConfigurationPlatforms) = preSolution
		Debug|Any CPU = Debug|Any CPU
		Release|Any CPU = Release|Any CPU
	EndGlobalSection
	GlobalSection(ProjectConfigurationPlatforms) = postSolution
		{B57D0D4F-253C-425B-AAD8-25569F12115A}.Debug|Any CPU.ActiveCfg = Debug|Any CPU
		{B57D0D4F-253C-425B-AAD8-25569F12115A}.Debug|Any CPU.Build.0 = Debug|Any CPU
		{B57D0D4F-253C-425B-AAD8-25569F12115A}.Release|Any CPU.ActiveCfg = Release|Any CPU
		{B57D0D4F-253C-425B-AAD8-25569F12115A}.Release|Any CPU.Build.0 = Release|Any CPU
	EndGlobalSection
	GlobalSection(SolutionProperties) = preSolution
		HideSolutionNode = FALSE
	EndGlobalSection
	GlobalSection(ExtensibilityGlobals) = postSolution
		SolutionGuid = {E7436476-F460-416F-B7C8-8D7DED0C1BC4}
	EndGlobalSection
EndGlobal
